
Microsoft Visual Studio Solution File, Format Version 12.00
# Visual Studio 14
VisualStudioVersion = 14.0.25420.1
MinimumVisualStudioVersion = 10.0.40219.1
Project("{FAE04EC0-301F-11D3-BF4B-00C04F79EFBC}") = "MasterDetailDemo", "MasterDetailDemo\MasterDetailDemo\MasterDetailDemo.csproj", "{DE4C671C-5E30-4ABE-BFF9-98BC58FB2E17}"
EndProject
Project("{FAE04EC0-301F-11D3-BF4B-00C04F79EFBC}") = "MasterDetailDemo.Droid", "MasterDetailDemo\MasterDetailDemo.Droid\MasterDetailDemo.Droid.csproj", "{2E6D9647-D284-4720-869E-FC0682C931E4}"
EndProject
Project("{FAE04EC0-301F-11D3-BF4B-00C04F79EFBC}") = "MasterDetailDemo.iOS", "MasterDetailDemo\MasterDetailDemo.iOS\MasterDetailDemo.iOS.csproj", "{9AD00511-4D09-456A-BFC9-C9589170B0D1}"
EndProject
Project("{FAE04EC0-301F-11D3-BF4B-00C04F79EFBC}") = "MasterDetailDemo.WinPhone", "MasterDetailDemo\MasterDetailDemo.WinPhone\MasterDetailDemo.WinPhone.csproj", "{41C776E6-02BF-4EA1-A09C-E78E97E0E725}"
EndProject
Project("{FAE04EC0-301F-11D3-BF4B-00C04F79EFBC}") = "MasterDetailDemo.UWP", "MasterDetailDemo\MasterDetailDemo.UWP\MasterDetailDemo.UWP.csproj", "{8DA4071D-AE61-4E84-AF51-E93589256D93}"
EndProject
Project("{FAE04EC0-301F-11D3-BF4B-00C04F79EFBC}") = "MasterDetailDemo.Windows", "MasterDetailDemo\MasterDetailDemo.Windows\MasterDetailDemo.Windows.csproj", "{B2916C65-17A5-4F68-93BD-DFAADA74194E}"
EndProject
Global
	GlobalSection(SolutionConfigurationPlatforms) = preSolution
		Ad-Hoc|Any CPU = Ad-Hoc|Any CPU
		Ad-Hoc|ARM = Ad-Hoc|ARM
		Ad-Hoc|iPhone = Ad-Hoc|iPhone
		Ad-Hoc|iPhoneSimulator = Ad-Hoc|iPhoneSimulator
		Ad-Hoc|x64 = Ad-Hoc|x64
		Ad-Hoc|x86 = Ad-Hoc|x86
		AppStore|Any CPU = AppStore|Any CPU
		AppStore|ARM = AppStore|ARM
		AppStore|iPhone = AppStore|iPhone
		AppStore|iPhoneSimulator = AppStore|iPhoneSimulator
		AppStore|x64 = AppStore|x64
		AppStore|x86 = AppStore|x86
		Debug|Any CPU = Debug|Any CPU
		Debug|ARM = Debug|ARM
		Debug|iPhone = Debug|iPhone
		Debug|iPhoneSimulator = Debug|iPhoneSimulator
		Debug|x64 = Debug|x64
		Debug|x86 = Debug|x86
		Release|Any CPU = Release|Any CPU
		Release|ARM = Release|ARM
		Release|iPhone = Release|iPhone
		Release|iPhoneSimulator = Release|iPhoneSimulator
		Release|x64 = Release|x64
		Release|x86 = Release|x86
	EndGlobalSection
	GlobalSection(ProjectConfigurationPlatforms) = postSolution
		{DE4C671C-5E30-4ABE-BFF9-98BC58FB2E17}.Ad-Hoc|Any CPU.ActiveCfg = Release|Any CPU
		{DE4C671C-5E30-4ABE-BFF9-98BC58FB2E17}.Ad-Hoc|Any CPU.Build.0 = Release|Any CPU
		{DE4C671C-5E30-4ABE-BFF9-98BC58FB2E17}.Ad-Hoc|ARM.ActiveCfg = Release|Any CPU
		{DE4C671C-5E30-4ABE-BFF9-98BC58FB2E17}.Ad-Hoc|ARM.Build.0 = Release|Any CPU
		{DE4C671C-5E30-4ABE-BFF9-98BC58FB2E17}.Ad-Hoc|iPhone.ActiveCfg = Release|Any CPU
		{DE4C671C-5E30-4ABE-BFF9-98BC58FB2E17}.Ad-Hoc|iPhone.Build.0 = Release|Any CPU
		{DE4C671C-5E30-4ABE-BFF9-98BC58FB2E17}.Ad-Hoc|iPhoneSimulator.ActiveCfg = Release|Any CPU
		{DE4C671C-5E30-4ABE-BFF9-98BC58FB2E17}.Ad-Hoc|iPhoneSimulator.Build.0 = Release|Any CPU
		{DE4C671C-5E30-4ABE-BFF9-98BC58FB2E17}.Ad-Hoc|x64.ActiveCfg = Release|Any CPU
		{DE4C671C-5E30-4ABE-BFF9-98BC58FB2E17}.Ad-Hoc|x64.Build.0 = Release|Any CPU
		{DE4C671C-5E30-4ABE-BFF9-98BC58FB2E17}.Ad-Hoc|x86.ActiveCfg = Release|Any CPU
		{DE4C671C-5E30-4ABE-BFF9-98BC58FB2E17}.Ad-Hoc|x86.Build.0 = Release|Any CPU
		{DE4C671C-5E30-4ABE-BFF9-98BC58FB2E17}.AppStore|Any CPU.ActiveCfg = Release|Any CPU
		{DE4C671C-5E30-4ABE-BFF9-98BC58FB2E17}.AppStore|Any CPU.Build.0 = Release|Any CPU
		{DE4C671C-5E30-4ABE-BFF9-98BC58FB2E17}.AppStore|ARM.ActiveCfg = Release|Any CPU
		{DE4C671C-5E30-4ABE-BFF9-98BC58FB2E17}.AppStore|ARM.Build.0 = Release|Any CPU
		{DE4C671C-5E30-4ABE-BFF9-98BC58FB2E17}.AppStore|iPhone.ActiveCfg = Release|Any CPU
		{DE4C671C-5E30-4ABE-BFF9-98BC58FB2E17}.AppStore|iPhone.Build.0 = Release|Any CPU
		{DE4C671C-5E30-4ABE-BFF9-98BC58FB2E17}.AppStore|iPhoneSimulator.ActiveCfg = Release|Any CPU
		{DE4C671C-5E30-4ABE-BFF9-98BC58FB2E17}.AppStore|iPhoneSimulator.Build.0 = Release|Any CPU
		{DE4C671C-5E30-4ABE-BFF9-98BC58FB2E17}.AppStore|x64.ActiveCfg = Release|Any CPU
		{DE4C671C-5E30-4ABE-BFF9-98BC58FB2E17}.AppStore|x64.Build.0 = Release|Any CPU
		{DE4C671C-5E30-4ABE-BFF9-98BC58FB2E17}.AppStore|x86.ActiveCfg = Release|Any CPU
		{DE4C671C-5E30-4ABE-BFF9-98BC58FB2E17}.AppStore|x86.Build.0 = Release|Any CPU
		{DE4C671C-5E30-4ABE-BFF9-98BC58FB2E17}.Debug|Any CPU.ActiveCfg = Debug|Any CPU
		{DE4C671C-5E30-4ABE-BFF9-98BC58FB2E17}.Debug|Any CPU.Build.0 = Debug|Any CPU
		{DE4C671C-5E30-4ABE-BFF9-98BC58FB2E17}.Debug|ARM.ActiveCfg = Debug|Any CPU
		{DE4C671C-5E30-4ABE-BFF9-98BC58FB2E17}.Debug|ARM.Build.0 = Debug|Any CPU
		{DE4C671C-5E30-4ABE-BFF9-98BC58FB2E17}.Debug|iPhone.ActiveCfg = Debug|Any CPU
		{DE4C671C-5E30-4ABE-BFF9-98BC58FB2E17}.Debug|iPhone.Build.0 = Debug|Any CPU
		{DE4C671C-5E30-4ABE-BFF9-98BC58FB2E17}.Debug|iPhoneSimulator.ActiveCfg = Debug|Any CPU
		{DE4C671C-5E30-4ABE-BFF9-98BC58FB2E17}.Debug|iPhoneSimulator.Build.0 = Debug|Any CPU
		{DE4C671C-5E30-4ABE-BFF9-98BC58FB2E17}.Debug|x64.ActiveCfg = Debug|Any CPU
		{DE4C671C-5E30-4ABE-BFF9-98BC58FB2E17}.Debug|x64.Build.0 = Debug|Any CPU
		{DE4C671C-5E30-4ABE-BFF9-98BC58FB2E17}.Debug|x86.ActiveCfg = Debug|Any CPU
		{DE4C671C-5E30-4ABE-BFF9-98BC58FB2E17}.Debug|x86.Build.0 = Debug|Any CPU
		{DE4C671C-5E30-4ABE-BFF9-98BC58FB2E17}.Release|Any CPU.ActiveCfg = Release|Any CPU
		{DE4C671C-5E30-4ABE-BFF9-98BC58FB2E17}.Release|Any CPU.Build.0 = Release|Any CPU
		{DE4C671C-5E30-4ABE-BFF9-98BC58FB2E17}.Release|ARM.ActiveCfg = Release|Any CPU
		{DE4C671C-5E30-4ABE-BFF9-98BC58FB2E17}.Release|ARM.Build.0 = Release|Any CPU
		{DE4C671C-5E30-4ABE-BFF9-98BC58FB2E17}.Release|iPhone.ActiveCfg = Release|Any CPU
		{DE4C671C-5E30-4ABE-BFF9-98BC58FB2E17}.Release|iPhone.Build.0 = Release|Any CPU
		{DE4C671C-5E30-4ABE-BFF9-98BC58FB2E17}.Release|iPhoneSimulator.ActiveCfg = Release|Any CPU
		{DE4C671C-5E30-4ABE-BFF9-98BC58FB2E17}.Release|iPhoneSimulator.Build.0 = Release|Any CPU
		{DE4C671C-5E30-4ABE-BFF9-98BC58FB2E17}.Release|x64.ActiveCfg = Release|Any CPU
		{DE4C671C-5E30-4ABE-BFF9-98BC58FB2E17}.Release|x64.Build.0 = Release|Any CPU
		{DE4C671C-5E30-4ABE-BFF9-98BC58FB2E17}.Release|x86.ActiveCfg = Release|Any CPU
		{DE4C671C-5E30-4ABE-BFF9-98BC58FB2E17}.Release|x86.Build.0 = Release|Any CPU
		{2E6D9647-D284-4720-869E-FC0682C931E4}.Ad-Hoc|Any CPU.ActiveCfg = Release|Any CPU
		{2E6D9647-D284-4720-869E-FC0682C931E4}.Ad-Hoc|Any CPU.Build.0 = Release|Any CPU
		{2E6D9647-D284-4720-869E-FC0682C931E4}.Ad-Hoc|Any CPU.Deploy.0 = Release|Any CPU
		{2E6D9647-D284-4720-869E-FC0682C931E4}.Ad-Hoc|ARM.ActiveCfg = Release|Any CPU
		{2E6D9647-D284-4720-869E-FC0682C931E4}.Ad-Hoc|ARM.Build.0 = Release|Any CPU
		{2E6D9647-D284-4720-869E-FC0682C931E4}.Ad-Hoc|ARM.Deploy.0 = Release|Any CPU
		{2E6D9647-D284-4720-869E-FC0682C931E4}.Ad-Hoc|iPhone.ActiveCfg = Release|Any CPU
		{2E6D9647-D284-4720-869E-FC0682C931E4}.Ad-Hoc|iPhone.Build.0 = Release|Any CPU
		{2E6D9647-D284-4720-869E-FC0682C931E4}.Ad-Hoc|iPhone.Deploy.0 = Release|Any CPU
		{2E6D9647-D284-4720-869E-FC0682C931E4}.Ad-Hoc|iPhoneSimulator.ActiveCfg = Release|Any CPU
		{2E6D9647-D284-4720-869E-FC0682C931E4}.Ad-Hoc|iPhoneSimulator.Build.0 = Release|Any CPU
		{2E6D9647-D284-4720-869E-FC0682C931E4}.Ad-Hoc|iPhoneSimulator.Deploy.0 = Release|Any CPU
		{2E6D9647-D284-4720-869E-FC0682C931E4}.Ad-Hoc|x64.ActiveCfg = Release|Any CPU
		{2E6D9647-D284-4720-869E-FC0682C931E4}.Ad-Hoc|x64.Build.0 = Release|Any CPU
		{2E6D9647-D284-4720-869E-FC0682C931E4}.Ad-Hoc|x64.Deploy.0 = Release|Any CPU
		{2E6D9647-D284-4720-869E-FC0682C931E4}.Ad-Hoc|x86.ActiveCfg = Release|Any CPU
		{2E6D9647-D284-4720-869E-FC0682C931E4}.Ad-Hoc|x86.Build.0 = Release|Any CPU
		{2E6D9647-D284-4720-869E-FC0682C931E4}.Ad-Hoc|x86.Deploy.0 = Release|Any CPU
		{2E6D9647-D284-4720-869E-FC0682C931E4}.AppStore|Any CPU.ActiveCfg = Release|Any CPU
		{2E6D9647-D284-4720-869E-FC0682C931E4}.AppStore|Any CPU.Build.0 = Release|Any CPU
		{2E6D9647-D284-4720-869E-FC0682C931E4}.AppStore|Any CPU.Deploy.0 = Release|Any CPU
		{2E6D9647-D284-4720-869E-FC0682C931E4}.AppStore|ARM.ActiveCfg = Release|Any CPU
		{2E6D9647-D284-4720-869E-FC0682C931E4}.AppStore|ARM.Build.0 = Release|Any CPU
		{2E6D9647-D284-4720-869E-FC0682C931E4}.AppStore|ARM.Deploy.0 = Release|Any CPU
		{2E6D9647-D284-4720-869E-FC0682C931E4}.AppStore|iPhone.ActiveCfg = Release|Any CPU
		{2E6D9647-D284-4720-869E-FC0682C931E4}.AppStore|iPhone.Build.0 = Release|Any CPU
		{2E6D9647-D284-4720-869E-FC0682C931E4}.AppStore|iPhone.Deploy.0 = Release|Any CPU
		{2E6D9647-D284-4720-869E-FC0682C931E4}.AppStore|iPhoneSimulator.ActiveCfg = Release|Any CPU
		{2E6D9647-D284-4720-869E-FC0682C931E4}.AppStore|iPhoneSimulator.Build.0 = Release|Any CPU
		{2E6D9647-D284-4720-869E-FC0682C931E4}.AppStore|iPhoneSimulator.Deploy.0 = Release|Any CPU
		{2E6D9647-D284-4720-869E-FC0682C931E4}.AppStore|x64.ActiveCfg = Release|Any CPU
		{2E6D9647-D284-4720-869E-FC0682C931E4}.AppStore|x64.Build.0 = Release|Any CPU
		{2E6D9647-D284-4720-869E-FC0682C931E4}.AppStore|x64.Deploy.0 = Release|Any CPU
		{2E6D9647-D284-4720-869E-FC0682C931E4}.AppStore|x86.ActiveCfg = Release|Any CPU
		{2E6D9647-D284-4720-869E-FC0682C931E4}.AppStore|x86.Build.0 = Release|Any CPU
		{2E6D9647-D284-4720-869E-FC0682C931E4}.AppStore|x86.Deploy.0 = Release|Any CPU
		{2E6D9647-D284-4720-869E-FC0682C931E4}.Debug|Any CPU.ActiveCfg = Debug|Any CPU
		{2E6D9647-D284-4720-869E-FC0682C931E4}.Debug|Any CPU.Build.0 = Debug|Any CPU
		{2E6D9647-D284-4720-869E-FC0682C931E4}.Debug|Any CPU.Deploy.0 = Debug|Any CPU
		{2E6D9647-D284-4720-869E-FC0682C931E4}.Debug|ARM.ActiveCfg = Debug|Any CPU
		{2E6D9647-D284-4720-869E-FC0682C931E4}.Debug|ARM.Build.0 = Debug|Any CPU
		{2E6D9647-D284-4720-869E-FC0682C931E4}.Debug|ARM.Deploy.0 = Debug|Any CPU
		{2E6D9647-D284-4720-869E-FC0682C931E4}.Debug|iPhone.ActiveCfg = Debug|Any CPU
		{2E6D9647-D284-4720-869E-FC0682C931E4}.Debug|iPhone.Build.0 = Debug|Any CPU
		{2E6D9647-D284-4720-869E-FC0682C931E4}.Debug|iPhone.Deploy.0 = Debug|Any CPU
		{2E6D9647-D284-4720-869E-FC0682C931E4}.Debug|iPhoneSimulator.ActiveCfg = Debug|Any CPU
		{2E6D9647-D284-4720-869E-FC0682C931E4}.Debug|iPhoneSimulator.Build.0 = Debug|Any CPU
		{2E6D9647-D284-4720-869E-FC0682C931E4}.Debug|iPhoneSimulator.Deploy.0 = Debug|Any CPU
		{2E6D9647-D284-4720-869E-FC0682C931E4}.Debug|x64.ActiveCfg = Debug|Any CPU
		{2E6D9647-D284-4720-869E-FC0682C931E4}.Debug|x64.Build.0 = Debug|Any CPU
		{2E6D9647-D284-4720-869E-FC0682C931E4}.Debug|x64.Deploy.0 = Debug|Any CPU
		{2E6D9647-D284-4720-869E-FC0682C931E4}.Debug|x86.ActiveCfg = Debug|Any CPU
		{2E6D9647-D284-4720-869E-FC0682C931E4}.Debug|x86.Build.0 = Debug|Any CPU
		{2E6D9647-D284-4720-869E-FC0682C931E4}.Debug|x86.Deploy.0 = Debug|Any CPU
		{2E6D9647-D284-4720-869E-FC0682C931E4}.Release|Any CPU.ActiveCfg = Release|Any CPU
		{2E6D9647-D284-4720-869E-FC0682C931E4}.Release|Any CPU.Build.0 = Release|Any CPU
		{2E6D9647-D284-4720-869E-FC0682C931E4}.Release|Any CPU.Deploy.0 = Release|Any CPU
		{2E6D9647-D284-4720-869E-FC0682C931E4}.Release|ARM.ActiveCfg = Release|Any CPU
		{2E6D9647-D284-4720-869E-FC0682C931E4}.Release|ARM.Build.0 = Release|Any CPU
		{2E6D9647-D284-4720-869E-FC0682C931E4}.Release|ARM.Deploy.0 = Release|Any CPU
		{2E6D9647-D284-4720-869E-FC0682C931E4}.Release|iPhone.ActiveCfg = Release|Any CPU
		{2E6D9647-D284-4720-869E-FC0682C931E4}.Release|iPhone.Build.0 = Release|Any CPU
		{2E6D9647-D284-4720-869E-FC0682C931E4}.Release|iPhone.Deploy.0 = Release|Any CPU
		{2E6D9647-D284-4720-869E-FC0682C931E4}.Release|iPhoneSimulator.ActiveCfg = Release|Any CPU
		{2E6D9647-D284-4720-869E-FC0682C931E4}.Release|iPhoneSimulator.Build.0 = Release|Any CPU
		{2E6D9647-D284-4720-869E-FC0682C931E4}.Release|iPhoneSimulator.Deploy.0 = Release|Any CPU
		{2E6D9647-D284-4720-869E-FC0682C931E4}.Release|x64.ActiveCfg = Release|Any CPU
		{2E6D9647-D284-4720-869E-FC0682C931E4}.Release|x64.Build.0 = Release|Any CPU
		{2E6D9647-D284-4720-869E-FC0682C931E4}.Release|x64.Deploy.0 = Release|Any CPU
		{2E6D9647-D284-4720-869E-FC0682C931E4}.Release|x86.ActiveCfg = Release|Any CPU
		{2E6D9647-D284-4720-869E-FC0682C931E4}.Release|x86.Build.0 = Release|Any CPU
		{2E6D9647-D284-4720-869E-FC0682C931E4}.Release|x86.Deploy.0 = Release|Any CPU
		{9AD00511-4D09-456A-BFC9-C9589170B0D1}.Ad-Hoc|Any CPU.ActiveCfg = Ad-Hoc|iPhone
		{9AD00511-4D09-456A-BFC9-C9589170B0D1}.Ad-Hoc|ARM.ActiveCfg = Ad-Hoc|iPhone
		{9AD00511-4D09-456A-BFC9-C9589170B0D1}.Ad-Hoc|iPhone.ActiveCfg = Ad-Hoc|iPhone
		{9AD00511-4D09-456A-BFC9-C9589170B0D1}.Ad-Hoc|iPhone.Build.0 = Ad-Hoc|iPhone
		{9AD00511-4D09-456A-BFC9-C9589170B0D1}.Ad-Hoc|iPhoneSimulator.ActiveCfg = Ad-Hoc|iPhoneSimulator
		{9AD00511-4D09-456A-BFC9-C9589170B0D1}.Ad-Hoc|iPhoneSimulator.Build.0 = Ad-Hoc|iPhoneSimulator
		{9AD00511-4D09-456A-BFC9-C9589170B0D1}.Ad-Hoc|x64.ActiveCfg = Ad-Hoc|iPhone
		{9AD00511-4D09-456A-BFC9-C9589170B0D1}.Ad-Hoc|x86.ActiveCfg = Ad-Hoc|iPhone
		{9AD00511-4D09-456A-BFC9-C9589170B0D1}.AppStore|Any CPU.ActiveCfg = AppStore|iPhone
		{9AD00511-4D09-456A-BFC9-C9589170B0D1}.AppStore|ARM.ActiveCfg = AppStore|iPhone
		{9AD00511-4D09-456A-BFC9-C9589170B0D1}.AppStore|iPhone.ActiveCfg = AppStore|iPhone
		{9AD00511-4D09-456A-BFC9-C9589170B0D1}.AppStore|iPhone.Build.0 = AppStore|iPhone
		{9AD00511-4D09-456A-BFC9-C9589170B0D1}.AppStore|iPhoneSimulator.ActiveCfg = AppStore|iPhoneSimulator
		{9AD00511-4D09-456A-BFC9-C9589170B0D1}.AppStore|iPhoneSimulator.Build.0 = AppStore|iPhoneSimulator
		{9AD00511-4D09-456A-BFC9-C9589170B0D1}.AppStore|x64.ActiveCfg = AppStore|iPhone
		{9AD00511-4D09-456A-BFC9-C9589170B0D1}.AppStore|x86.ActiveCfg = AppStore|iPhone
		{9AD00511-4D09-456A-BFC9-C9589170B0D1}.Debug|Any CPU.ActiveCfg = Debug|iPhone
		{9AD00511-4D09-456A-BFC9-C9589170B0D1}.Debug|ARM.ActiveCfg = Debug|iPhone
		{9AD00511-4D09-456A-BFC9-C9589170B0D1}.Debug|iPhone.ActiveCfg = Debug|iPhone
		{9AD00511-4D09-456A-BFC9-C9589170B0D1}.Debug|iPhone.Build.0 = Debug|iPhone
		{9AD00511-4D09-456A-BFC9-C9589170B0D1}.Debug|iPhoneSimulator.ActiveCfg = Debug|iPhoneSimulator
		{9AD00511-4D09-456A-BFC9-C9589170B0D1}.Debug|iPhoneSimulator.Build.0 = Debug|iPhoneSimulator
		{9AD00511-4D09-456A-BFC9-C9589170B0D1}.Debug|x64.ActiveCfg = Debug|iPhone
		{9AD00511-4D09-456A-BFC9-C9589170B0D1}.Debug|x86.ActiveCfg = Debug|iPhone
		{9AD00511-4D09-456A-BFC9-C9589170B0D1}.Release|Any CPU.ActiveCfg = Release|iPhone
		{9AD00511-4D09-456A-BFC9-C9589170B0D1}.Release|ARM.ActiveCfg = Release|iPhone
		{9AD00511-4D09-456A-BFC9-C9589170B0D1}.Release|iPhone.ActiveCfg = Release|iPhone
		{9AD00511-4D09-456A-BFC9-C9589170B0D1}.Release|iPhone.Build.0 = Release|iPhone
		{9AD00511-4D09-456A-BFC9-C9589170B0D1}.Release|iPhoneSimulator.ActiveCfg = Release|iPhoneSimulator
		{9AD00511-4D09-456A-BFC9-C9589170B0D1}.Release|iPhoneSimulator.Build.0 = Release|iPhoneSimulator
		{9AD00511-4D09-456A-BFC9-C9589170B0D1}.Release|x64.ActiveCfg = Release|iPhone
		{9AD00511-4D09-456A-BFC9-C9589170B0D1}.Release|x86.ActiveCfg = Release|iPhone
		{41C776E6-02BF-4EA1-A09C-E78E97E0E725}.Ad-Hoc|Any CPU.ActiveCfg = Release|Any CPU
		{41C776E6-02BF-4EA1-A09C-E78E97E0E725}.Ad-Hoc|Any CPU.Build.0 = Release|Any CPU
		{41C776E6-02BF-4EA1-A09C-E78E97E0E725}.Ad-Hoc|Any CPU.Deploy.0 = Release|Any CPU
		{41C776E6-02BF-4EA1-A09C-E78E97E0E725}.Ad-Hoc|ARM.ActiveCfg = Release|ARM
		{41C776E6-02BF-4EA1-A09C-E78E97E0E725}.Ad-Hoc|ARM.Build.0 = Release|ARM
		{41C776E6-02BF-4EA1-A09C-E78E97E0E725}.Ad-Hoc|ARM.Deploy.0 = Release|ARM
		{41C776E6-02BF-4EA1-A09C-E78E97E0E725}.Ad-Hoc|iPhone.ActiveCfg = Release|Any CPU
		{41C776E6-02BF-4EA1-A09C-E78E97E0E725}.Ad-Hoc|iPhone.Build.0 = Release|Any CPU
		{41C776E6-02BF-4EA1-A09C-E78E97E0E725}.Ad-Hoc|iPhone.Deploy.0 = Release|Any CPU
		{41C776E6-02BF-4EA1-A09C-E78E97E0E725}.Ad-Hoc|iPhoneSimulator.ActiveCfg = Release|Any CPU
		{41C776E6-02BF-4EA1-A09C-E78E97E0E725}.Ad-Hoc|iPhoneSimulator.Build.0 = Release|Any CPU
		{41C776E6-02BF-4EA1-A09C-E78E97E0E725}.Ad-Hoc|iPhoneSimulator.Deploy.0 = Release|Any CPU
		{41C776E6-02BF-4EA1-A09C-E78E97E0E725}.Ad-Hoc|x64.ActiveCfg = Release|Any CPU
		{41C776E6-02BF-4EA1-A09C-E78E97E0E725}.Ad-Hoc|x64.Build.0 = Release|Any CPU
		{41C776E6-02BF-4EA1-A09C-E78E97E0E725}.Ad-Hoc|x64.Deploy.0 = Release|Any CPU
		{41C776E6-02BF-4EA1-A09C-E78E97E0E725}.Ad-Hoc|x86.ActiveCfg = Release|x86
		{41C776E6-02BF-4EA1-A09C-E78E97E0E725}.Ad-Hoc|x86.Build.0 = Release|x86
		{41C776E6-02BF-4EA1-A09C-E78E97E0E725}.Ad-Hoc|x86.Deploy.0 = Release|x86
		{41C776E6-02BF-4EA1-A09C-E78E97E0E725}.AppStore|Any CPU.ActiveCfg = Release|Any CPU
		{41C776E6-02BF-4EA1-A09C-E78E97E0E725}.AppStore|Any CPU.Build.0 = Release|Any CPU
		{41C776E6-02BF-4EA1-A09C-E78E97E0E725}.AppStore|Any CPU.Deploy.0 = Release|Any CPU
		{41C776E6-02BF-4EA1-A09C-E78E97E0E725}.AppStore|ARM.ActiveCfg = Release|ARM
		{41C776E6-02BF-4EA1-A09C-E78E97E0E725}.AppStore|ARM.Build.0 = Release|ARM
		{41C776E6-02BF-4EA1-A09C-E78E97E0E725}.AppStore|ARM.Deploy.0 = Release|ARM
		{41C776E6-02BF-4EA1-A09C-E78E97E0E725}.AppStore|iPhone.ActiveCfg = Release|Any CPU
		{41C776E6-02BF-4EA1-A09C-E78E97E0E725}.AppStore|iPhone.Build.0 = Release|Any CPU
		{41C776E6-02BF-4EA1-A09C-E78E97E0E725}.AppStore|iPhone.Deploy.0 = Release|Any CPU
		{41C776E6-02BF-4EA1-A09C-E78E97E0E725}.AppStore|iPhoneSimulator.ActiveCfg = Release|Any CPU
		{41C776E6-02BF-4EA1-A09C-E78E97E0E725}.AppStore|iPhoneSimulator.Build.0 = Release|Any CPU
		{41C776E6-02BF-4EA1-A09C-E78E97E0E725}.AppStore|iPhoneSimulator.Deploy.0 = Release|Any CPU
		{41C776E6-02BF-4EA1-A09C-E78E97E0E725}.AppStore|x64.ActiveCfg = Release|Any CPU
		{41C776E6-02BF-4EA1-A09C-E78E97E0E725}.AppStore|x64.Build.0 = Release|Any CPU
		{41C776E6-02BF-4EA1-A09C-E78E97E0E725}.AppStore|x64.Deploy.0 = Release|Any CPU
		{41C776E6-02BF-4EA1-A09C-E78E97E0E725}.AppStore|x86.ActiveCfg = Release|x86
		{41C776E6-02BF-4EA1-A09C-E78E97E0E725}.AppStore|x86.Build.0 = Release|x86
		{41C776E6-02BF-4EA1-A09C-E78E97E0E725}.AppStore|x86.Deploy.0 = Release|x86
		{41C776E6-02BF-4EA1-A09C-E78E97E0E725}.Debug|Any CPU.ActiveCfg = Debug|Any CPU
		{41C776E6-02BF-4EA1-A09C-E78E97E0E725}.Debug|Any CPU.Build.0 = Debug|Any CPU
		{41C776E6-02BF-4EA1-A09C-E78E97E0E725}.Debug|Any CPU.Deploy.0 = Debug|Any CPU
		{41C776E6-02BF-4EA1-A09C-E78E97E0E725}.Debug|ARM.ActiveCfg = Debug|ARM
		{41C776E6-02BF-4EA1-A09C-E78E97E0E725}.Debug|ARM.Build.0 = Debug|ARM
		{41C776E6-02BF-4EA1-A09C-E78E97E0E725}.Debug|ARM.Deploy.0 = Debug|ARM
		{41C776E6-02BF-4EA1-A09C-E78E97E0E725}.Debug|iPhone.ActiveCfg = Debug|Any CPU
		{41C776E6-02BF-4EA1-A09C-E78E97E0E725}.Debug|iPhone.Build.0 = Debug|Any CPU
		{41C776E6-02BF-4EA1-A09C-E78E97E0E725}.Debug|iPhone.Deploy.0 = Debug|Any CPU
		{41C776E6-02BF-4EA1-A09C-E78E97E0E725}.Debug|iPhoneSimulator.ActiveCfg = Debug|Any CPU
		{41C776E6-02BF-4EA1-A09C-E78E97E0E725}.Debug|iPhoneSimulator.Build.0 = Debug|Any CPU
		{41C776E6-02BF-4EA1-A09C-E78E97E0E725}.Debug|iPhoneSimulator.Deploy.0 = Debug|Any CPU
		{41C776E6-02BF-4EA1-A09C-E78E97E0E725}.Debug|x64.ActiveCfg = Debug|Any CPU
		{41C776E6-02BF-4EA1-A09C-E78E97E0E725}.Debug|x64.Build.0 = Debug|Any CPU
		{41C776E6-02BF-4EA1-A09C-E78E97E0E725}.Debug|x64.Deploy.0 = Debug|Any CPU
		{41C776E6-02BF-4EA1-A09C-E78E97E0E725}.Debug|x86.ActiveCfg = Debug|x86
		{41C776E6-02BF-4EA1-A09C-E78E97E0E725}.Debug|x86.Build.0 = Debug|x86
		{41C776E6-02BF-4EA1-A09C-E78E97E0E725}.Debug|x86.Deploy.0 = Debug|x86
		{41C776E6-02BF-4EA1-A09C-E78E97E0E725}.Release|Any CPU.ActiveCfg = Release|Any CPU
		{41C776E6-02BF-4EA1-A09C-E78E97E0E725}.Release|Any CPU.Build.0 = Release|Any CPU
		{41C776E6-02BF-4EA1-A09C-E78E97E0E725}.Release|Any CPU.Deploy.0 = Release|Any CPU
		{41C776E6-02BF-4EA1-A09C-E78E97E0E725}.Release|ARM.ActiveCfg = Release|ARM
		{41C776E6-02BF-4EA1-A09C-E78E97E0E725}.Release|ARM.Build.0 = Release|ARM
		{41C776E6-02BF-4EA1-A09C-E78E97E0E725}.Release|ARM.Deploy.0 = Release|ARM
		{41C776E6-02BF-4EA1-A09C-E78E97E0E725}.Release|iPhone.ActiveCfg = Release|Any CPU
		{41C776E6-02BF-4EA1-A09C-E78E97E0E725}.Release|iPhone.Build.0 = Release|Any CPU
		{41C776E6-02BF-4EA1-A09C-E78E97E0E725}.Release|iPhone.Deploy.0 = Release|Any CPU
		{41C776E6-02BF-4EA1-A09C-E78E97E0E725}.Release|iPhoneSimulator.ActiveCfg = Release|Any CPU
		{41C776E6-02BF-4EA1-A09C-E78E97E0E725}.Release|iPhoneSimulator.Build.0 = Release|Any CPU
		{41C776E6-02BF-4EA1-A09C-E78E97E0E725}.Release|iPhoneSimulator.Deploy.0 = Release|Any CPU
		{41C776E6-02BF-4EA1-A09C-E78E97E0E725}.Release|x64.ActiveCfg = Release|Any CPU
		{41C776E6-02BF-4EA1-A09C-E78E97E0E725}.Release|x64.Build.0 = Release|Any CPU
		{41C776E6-02BF-4EA1-A09C-E78E97E0E725}.Release|x64.Deploy.0 = Release|Any CPU
		{41C776E6-02BF-4EA1-A09C-E78E97E0E725}.Release|x86.ActiveCfg = Release|x86
		{41C776E6-02BF-4EA1-A09C-E78E97E0E725}.Release|x86.Build.0 = Release|x86
		{41C776E6-02BF-4EA1-A09C-E78E97E0E725}.Release|x86.Deploy.0 = Release|x86
		{8DA4071D-AE61-4E84-AF51-E93589256D93}.Ad-Hoc|Any CPU.ActiveCfg = Release|x86
		{8DA4071D-AE61-4E84-AF51-E93589256D93}.Ad-Hoc|Any CPU.Build.0 = Release|x86
		{8DA4071D-AE61-4E84-AF51-E93589256D93}.Ad-Hoc|Any CPU.Deploy.0 = Release|x86
		{8DA4071D-AE61-4E84-AF51-E93589256D93}.Ad-Hoc|ARM.ActiveCfg = Release|ARM
		{8DA4071D-AE61-4E84-AF51-E93589256D93}.Ad-Hoc|ARM.Build.0 = Release|ARM
		{8DA4071D-AE61-4E84-AF51-E93589256D93}.Ad-Hoc|ARM.Deploy.0 = Release|ARM
		{8DA4071D-AE61-4E84-AF51-E93589256D93}.Ad-Hoc|iPhone.ActiveCfg = Release|x86
		{8DA4071D-AE61-4E84-AF51-E93589256D93}.Ad-Hoc|iPhone.Build.0 = Release|x86
		{8DA4071D-AE61-4E84-AF51-E93589256D93}.Ad-Hoc|iPhone.Deploy.0 = Release|x86
		{8DA4071D-AE61-4E84-AF51-E93589256D93}.Ad-Hoc|iPhoneSimulator.ActiveCfg = Release|x86
		{8DA4071D-AE61-4E84-AF51-E93589256D93}.Ad-Hoc|iPhoneSimulator.Build.0 = Release|x86
		{8DA4071D-AE61-4E84-AF51-E93589256D93}.Ad-Hoc|iPhoneSimulator.Deploy.0 = Release|x86
		{8DA4071D-AE61-4E84-AF51-E93589256D93}.Ad-Hoc|x64.ActiveCfg = Release|x64
		{8DA4071D-AE61-4E84-AF51-E93589256D93}.Ad-Hoc|x64.Build.0 = Release|x64
		{8DA4071D-AE61-4E84-AF51-E93589256D93}.Ad-Hoc|x64.Deploy.0 = Release|x64
		{8DA4071D-AE61-4E84-AF51-E93589256D93}.Ad-Hoc|x86.ActiveCfg = Release|x86
		{8DA4071D-AE61-4E84-AF51-E93589256D93}.Ad-Hoc|x86.Build.0 = Release|x86
		{8DA4071D-AE61-4E84-AF51-E93589256D93}.Ad-Hoc|x86.Deploy.0 = Release|x86
		{8DA4071D-AE61-4E84-AF51-E93589256D93}.AppStore|Any CPU.ActiveCfg = Release|x86
		{8DA4071D-AE61-4E84-AF51-E93589256D93}.AppStore|Any CPU.Build.0 = Release|x86
		{8DA4071D-AE61-4E84-AF51-E93589256D93}.AppStore|Any CPU.Deploy.0 = Release|x86
		{8DA4071D-AE61-4E84-AF51-E93589256D93}.AppStore|ARM.ActiveCfg = Release|ARM
		{8DA4071D-AE61-4E84-AF51-E93589256D93}.AppStore|ARM.Build.0 = Release|ARM
		{8DA4071D-AE61-4E84-AF51-E93589256D93}.AppStore|ARM.Deploy.0 = Release|ARM
		{8DA4071D-AE61-4E84-AF51-E93589256D93}.AppStore|iPhone.ActiveCfg = Release|x86
		{8DA4071D-AE61-4E84-AF51-E93589256D93}.AppStore|iPhone.Build.0 = Release|x86
		{8DA4071D-AE61-4E84-AF51-E93589256D93}.AppStore|iPhone.Deploy.0 = Release|x86
		{8DA4071D-AE61-4E84-AF51-E93589256D93}.AppStore|iPhoneSimulator.ActiveCfg = Release|x86
		{8DA4071D-AE61-4E84-AF51-E93589256D93}.AppStore|iPhoneSimulator.Build.0 = Release|x86
		{8DA4071D-AE61-4E84-AF51-E93589256D93}.AppStore|iPhoneSimulator.Deploy.0 = Release|x86
		{8DA4071D-AE61-4E84-AF51-E93589256D93}.AppStore|x64.ActiveCfg = Release|x64
		{8DA4071D-AE61-4E84-AF51-E93589256D93}.AppStore|x64.Build.0 = Release|x64
		{8DA4071D-AE61-4E84-AF51-E93589256D93}.AppStore|x64.Deploy.0 = Release|x64
		{8DA4071D-AE61-4E84-AF51-E93589256D93}.AppStore|x86.ActiveCfg = Release|x86
		{8DA4071D-AE61-4E84-AF51-E93589256D93}.AppStore|x86.Build.0 = Release|x86
		{8DA4071D-AE61-4E84-AF51-E93589256D93}.AppStore|x86.Deploy.0 = Release|x86
		{8DA4071D-AE61-4E84-AF51-E93589256D93}.Debug|Any CPU.ActiveCfg = Debug|x86
		{8DA4071D-AE61-4E84-AF51-E93589256D93}.Debug|ARM.ActiveCfg = Debug|ARM
		{8DA4071D-AE61-4E84-AF51-E93589256D93}.Debug|ARM.Build.0 = Debug|ARM
		{8DA4071D-AE61-4E84-AF51-E93589256D93}.Debug|ARM.Deploy.0 = Debug|ARM
		{8DA4071D-AE61-4E84-AF51-E93589256D93}.Debug|iPhone.ActiveCfg = Debug|x86
		{8DA4071D-AE61-4E84-AF51-E93589256D93}.Debug|iPhoneSimulator.ActiveCfg = Debug|x86
		{8DA4071D-AE61-4E84-AF51-E93589256D93}.Debug|x64.ActiveCfg = Debug|x64
		{8DA4071D-AE61-4E84-AF51-E93589256D93}.Debug|x64.Build.0 = Debug|x64
		{8DA4071D-AE61-4E84-AF51-E93589256D93}.Debug|x64.Deploy.0 = Debug|x64
		{8DA4071D-AE61-4E84-AF51-E93589256D93}.Debug|x86.ActiveCfg = Debug|x86
		{8DA4071D-AE61-4E84-AF51-E93589256D93}.Debug|x86.Build.0 = Debug|x86
		{8DA4071D-AE61-4E84-AF51-E93589256D93}.Debug|x86.Deploy.0 = Debug|x86
		{8DA4071D-AE61-4E84-AF51-E93589256D93}.Release|Any CPU.ActiveCfg = Release|x86
		{8DA4071D-AE61-4E84-AF51-E93589256D93}.Release|ARM.ActiveCfg = Release|ARM
		{8DA4071D-AE61-4E84-AF51-E93589256D93}.Release|ARM.Build.0 = Release|ARM
		{8DA4071D-AE61-4E84-AF51-E93589256D93}.Release|ARM.Deploy.0 = Release|ARM
		{8DA4071D-AE61-4E84-AF51-E93589256D93}.Release|iPhone.ActiveCfg = Release|x86
		{8DA4071D-AE61-4E84-AF51-E93589256D93}.Release|iPhoneSimulator.ActiveCfg = Release|x86
		{8DA4071D-AE61-4E84-AF51-E93589256D93}.Release|x64.ActiveCfg = Release|x64
		{8DA4071D-AE61-4E84-AF51-E93589256D93}.Release|x64.Build.0 = Release|x64
		{8DA4071D-AE61-4E84-AF51-E93589256D93}.Release|x64.Deploy.0 = Release|x64
		{8DA4071D-AE61-4E84-AF51-E93589256D93}.Release|x86.ActiveCfg = Release|x86
		{8DA4071D-AE61-4E84-AF51-E93589256D93}.Release|x86.Build.0 = Release|x86
		{8DA4071D-AE61-4E84-AF51-E93589256D93}.Release|x86.Deploy.0 = Release|x86
		{B2916C65-17A5-4F68-93BD-DFAADA74194E}.Ad-Hoc|Any CPU.ActiveCfg = Release|Any CPU
		{B2916C65-17A5-4F68-93BD-DFAADA74194E}.Ad-Hoc|Any CPU.Build.0 = Release|Any CPU
		{B2916C65-17A5-4F68-93BD-DFAADA74194E}.Ad-Hoc|Any CPU.Deploy.0 = Release|Any CPU
		{B2916C65-17A5-4F68-93BD-DFAADA74194E}.Ad-Hoc|ARM.ActiveCfg = Release|ARM
		{B2916C65-17A5-4F68-93BD-DFAADA74194E}.Ad-Hoc|ARM.Build.0 = Release|ARM
		{B2916C65-17A5-4F68-93BD-DFAADA74194E}.Ad-Hoc|ARM.Deploy.0 = Release|ARM
		{B2916C65-17A5-4F68-93BD-DFAADA74194E}.Ad-Hoc|iPhone.ActiveCfg = Release|Any CPU
		{B2916C65-17A5-4F68-93BD-DFAADA74194E}.Ad-Hoc|iPhone.Build.0 = Release|Any CPU
		{B2916C65-17A5-4F68-93BD-DFAADA74194E}.Ad-Hoc|iPhone.Deploy.0 = Release|Any CPU
		{B2916C65-17A5-4F68-93BD-DFAADA74194E}.Ad-Hoc|iPhoneSimulator.ActiveCfg = Release|Any CPU
		{B2916C65-17A5-4F68-93BD-DFAADA74194E}.Ad-Hoc|iPhoneSimulator.Build.0 = Release|Any CPU
		{B2916C65-17A5-4F68-93BD-DFAADA74194E}.Ad-Hoc|iPhoneSimulator.Deploy.0 = Release|Any CPU
		{B2916C65-17A5-4F68-93BD-DFAADA74194E}.Ad-Hoc|x64.ActiveCfg = Release|x64
		{B2916C65-17A5-4F68-93BD-DFAADA74194E}.Ad-Hoc|x64.Build.0 = Release|x64
		{B2916C65-17A5-4F68-93BD-DFAADA74194E}.Ad-Hoc|x64.Deploy.0 = Release|x64
		{B2916C65-17A5-4F68-93BD-DFAADA74194E}.Ad-Hoc|x86.ActiveCfg = Release|x86
		{B2916C65-17A5-4F68-93BD-DFAADA74194E}.Ad-Hoc|x86.Build.0 = Release|x86
		{B2916C65-17A5-4F68-93BD-DFAADA74194E}.Ad-Hoc|x86.Deploy.0 = Release|x86
		{B2916C65-17A5-4F68-93BD-DFAADA74194E}.AppStore|Any CPU.ActiveCfg = Release|Any CPU
		{B2916C65-17A5-4F68-93BD-DFAADA74194E}.AppStore|Any CPU.Build.0 = Release|Any CPU
		{B2916C65-17A5-4F68-93BD-DFAADA74194E}.AppStore|Any CPU.Deploy.0 = Release|Any CPU
		{B2916C65-17A5-4F68-93BD-DFAADA74194E}.AppStore|ARM.ActiveCfg = Release|ARM
		{B2916C65-17A5-4F68-93BD-DFAADA74194E}.AppStore|ARM.Build.0 = Release|ARM
		{B2916C65-17A5-4F68-93BD-DFAADA74194E}.AppStore|ARM.Deploy.0 = Release|ARM
		{B2916C65-17A5-4F68-93BD-DFAADA74194E}.AppStore|iPhone.ActiveCfg = Release|Any CPU
		{B2916C65-17A5-4F68-93BD-DFAADA74194E}.AppStore|iPhone.Build.0 = Release|Any CPU
		{B2916C65-17A5-4F68-93BD-DFAADA74194E}.AppStore|iPhone.Deploy.0 = Release|Any CPU
		{B2916C65-17A5-4F68-93BD-DFAADA74194E}.AppStore|iPhoneSimulator.ActiveCfg = Release|Any CPU
		{B2916C65-17A5-4F68-93BD-DFAADA74194E}.AppStore|iPhoneSimulator.Build.0 = Release|Any CPU
		{B2916C65-17A5-4F68-93BD-DFAADA74194E}.AppStore|iPhoneSimulator.Deploy.0 = Release|Any CPU
		{B2916C65-17A5-4F68-93BD-DFAADA74194E}.AppStore|x64.ActiveCfg = Release|x64
		{B2916C65-17A5-4F68-93BD-DFAADA74194E}.AppStore|x64.Build.0 = Release|x64
		{B2916C65-17A5-4F68-93BD-DFAADA74194E}.AppStore|x64.Deploy.0 = Release|x64
		{B2916C65-17A5-4F68-93BD-DFAADA74194E}.AppStore|x86.ActiveCfg = Release|x86
		{B2916C65-17A5-4F68-93BD-DFAADA74194E}.AppStore|x86.Build.0 = Release|x86
		{B2916C65-17A5-4F68-93BD-DFAADA74194E}.AppStore|x86.Deploy.0 = Release|x86
		{B2916C65-17A5-4F68-93BD-DFAADA74194E}.Debug|Any CPU.ActiveCfg = Debug|Any CPU
		{B2916C65-17A5-4F68-93BD-DFAADA74194E}.Debug|Any CPU.Build.0 = Debug|Any CPU
		{B2916C65-17A5-4F68-93BD-DFAADA74194E}.Debug|Any CPU.Deploy.0 = Debug|Any CPU
		{B2916C65-17A5-4F68-93BD-DFAADA74194E}.Debug|ARM.ActiveCfg = Debug|ARM
		{B2916C65-17A5-4F68-93BD-DFAADA74194E}.Debug|ARM.Build.0 = Debug|ARM
		{B2916C65-17A5-4F68-93BD-DFAADA74194E}.Debug|ARM.Deploy.0 = Debug|ARM
		{B2916C65-17A5-4F68-93BD-DFAADA74194E}.Debug|iPhone.ActiveCfg = Debug|Any CPU
		{B2916C65-17A5-4F68-93BD-DFAADA74194E}.Debug|iPhone.Build.0 = Debug|Any CPU
		{B2916C65-17A5-4F68-93BD-DFAADA74194E}.Debug|iPhone.Deploy.0 = Debug|Any CPU
		{B2916C65-17A5-4F68-93BD-DFAADA74194E}.Debug|iPhoneSimulator.ActiveCfg = Debug|Any CPU
		{B2916C65-17A5-4F68-93BD-DFAADA74194E}.Debug|iPhoneSimulator.Build.0 = Debug|Any CPU
		{B2916C65-17A5-4F68-93BD-DFAADA74194E}.Debug|iPhoneSimulator.Deploy.0 = Debug|Any CPU
		{B2916C65-17A5-4F68-93BD-DFAADA74194E}.Debug|x64.ActiveCfg = Debug|x64
		{B2916C65-17A5-4F68-93BD-DFAADA74194E}.Debug|x64.Build.0 = Debug|x64
		{B2916C65-17A5-4F68-93BD-DFAADA74194E}.Debug|x64.Deploy.0 = Debug|x64
		{B2916C65-17A5-4F68-93BD-DFAADA74194E}.Debug|x86.ActiveCfg = Debug|x86
		{B2916C65-17A5-4F68-93BD-DFAADA74194E}.Debug|x86.Build.0 = Debug|x86
		{B2916C65-17A5-4F68-93BD-DFAADA74194E}.Debug|x86.Deploy.0 = Debug|x86
		{B2916C65-17A5-4F68-93BD-DFAADA74194E}.Release|Any CPU.ActiveCfg = Release|Any CPU
		{B2916C65-17A5-4F68-93BD-DFAADA74194E}.Release|Any CPU.Build.0 = Release|Any CPU
		{B2916C65-17A5-4F68-93BD-DFAADA74194E}.Release|Any CPU.Deploy.0 = Release|Any CPU
		{B2916C65-17A5-4F68-93BD-DFAADA74194E}.Release|ARM.ActiveCfg = Release|ARM
		{B2916C65-17A5-4F68-93BD-DFAADA74194E}.Release|ARM.Build.0 = Release|ARM
		{B2916C65-17A5-4F68-93BD-DFAADA74194E}.Release|ARM.Deploy.0 = Release|ARM
		{B2916C65-17A5-4F68-93BD-DFAADA74194E}.Release|iPhone.ActiveCfg = Release|Any CPU
		{B2916C65-17A5-4F68-93BD-DFAADA74194E}.Release|iPhone.Build.0 = Release|Any CPU
		{B2916C65-17A5-4F68-93BD-DFAADA74194E}.Release|iPhone.Deploy.0 = Release|Any CPU
		{B2916C65-17A5-4F68-93BD-DFAADA74194E}.Release|iPhoneSimulator.ActiveCfg = Release|Any CPU
		{B2916C65-17A5-4F68-93BD-DFAADA74194E}.Release|iPhoneSimulator.Build.0 = Release|Any CPU
		{B2916C65-17A5-4F68-93BD-DFAADA74194E}.Release|iPhoneSimulator.Deploy.0 = Release|Any CPU
		{B2916C65-17A5-4F68-93BD-DFAADA74194E}.Release|x64.ActiveCfg = Release|x64
		{B2916C65-17A5-4F68-93BD-DFAADA74194E}.Release|x64.Build.0 = Release|x64
		{B2916C65-17A5-4F68-93BD-DFAADA74194E}.Release|x64.Deploy.0 = Release|x64
		{B2916C65-17A5-4F68-93BD-DFAADA74194E}.Release|x86.ActiveCfg = Release|x86
		{B2916C65-17A5-4F68-93BD-DFAADA74194E}.Release|x86.Build.0 = Release|x86
		{B2916C65-17A5-4F68-93BD-DFAADA74194E}.Release|x86.Deploy.0 = Release|x86
	EndGlobalSection
	GlobalSection(SolutionProperties) = preSolution
		HideSolutionNode = FALSE
	EndGlobalSection
EndGlobal
